// !$*UTF8*$!
{
	archiveVersion = 1;
	classes = {
	};
	objectVersion = 50;
	objects = {

/* Begin PBXBuildFile section */
		691FF82F255AB40C00146EEF /* ExcelFormulas.swift in Sources */ = {isa = PBXBuildFile; fileRef = 691FF82E255AB40C00146EEF /* ExcelFormulas.swift */; };
		691FF833255AB68400146EEF /* Double+asCurrency.swift in Sources */ = {isa = PBXBuildFile; fileRef = 691FF832255AB68400146EEF /* Double+asCurrency.swift */; };
		697D4DCF2559475400CAFA7F /* AppDelegate.swift in Sources */ = {isa = PBXBuildFile; fileRef = 697D4DCE2559475400CAFA7F /* AppDelegate.swift */; };
		697D4DD12559475400CAFA7F /* SceneDelegate.swift in Sources */ = {isa = PBXBuildFile; fileRef = 697D4DD02559475400CAFA7F /* SceneDelegate.swift */; };
		697D4DD32559475400CAFA7F /* ViewController.swift in Sources */ = {isa = PBXBuildFile; fileRef = 697D4DD22559475400CAFA7F /* ViewController.swift */; };
		697D4DD62559475400CAFA7F /* Main.storyboard in Resources */ = {isa = PBXBuildFile; fileRef = 697D4DD42559475400CAFA7F /* Main.storyboard */; };
		697D4DD82559475600CAFA7F /* Assets.xcassets in Resources */ = {isa = PBXBuildFile; fileRef = 697D4DD72559475600CAFA7F /* Assets.xcassets */; };
		697D4DDB2559475600CAFA7F /* LaunchScreen.storyboard in Resources */ = {isa = PBXBuildFile; fileRef = 697D4DD92559475600CAFA7F /* LaunchScreen.storyboard */; };
/* End PBXBuildFile section */

/* Begin PBXFileReference section */
		691FF82E255AB40C00146EEF /* ExcelFormulas.swift */ = {isa = PBXFileReference; lastKnownFileType = sourcecode.swift; path = ExcelFormulas.swift; sourceTree = "<group>"; };
		691FF832255AB68400146EEF /* Double+asCurrency.swift */ = {isa = PBXFileReference; lastKnownFileType = sourcecode.swift; path = "Double+asCurrency.swift"; sourceTree = "<group>"; };
		697D4DCB2559475400CAFA7F /* Bank App.app */ = {isa = PBXFileReference; explicitFileType = wrapper.application; includeInIndex = 0; path = "Bank App.app"; sourceTree = BUILT_PRODUCTS_DIR; };
		697D4DCE2559475400CAFA7F /* AppDelegate.swift */ = {isa = PBXFileReference; lastKnownFileType = sourcecode.swift; path = AppDelegate.swift; sourceTree = "<group>"; };
		697D4DD02559475400CAFA7F /* SceneDelegate.swift */ = {isa = PBXFileReference; lastKnownFileType = sourcecode.swift; path = SceneDelegate.swift; sourceTree = "<group>"; };
		697D4DD22559475400CAFA7F /* ViewController.swift */ = {isa = PBXFileReference; lastKnownFileType = sourcecode.swift; path = ViewController.swift; sourceTree = "<group>"; };
		697D4DD52559475400CAFA7F /* Base */ = {isa = PBXFileReference; lastKnownFileType = file.storyboard; name = Base; path = Base.lproj/Main.storyboard; sourceTree = "<group>"; };
		697D4DD72559475600CAFA7F /* Assets.xcassets */ = {isa = PBXFileReference; lastKnownFileType = folder.assetcatalog; path = Assets.xcassets; sourceTree = "<group>"; };
		697D4DDA2559475600CAFA7F /* Base */ = {isa = PBXFileReference; lastKnownFileType = file.storyboard; name = Base; path = Base.lproj/LaunchScreen.storyboard; sourceTree = "<group>"; };
		697D4DDC2559475700CAFA7F /* Info.plist */ = {isa = PBXFileReference; lastKnownFileType = text.plist.xml; path = Info.plist; sourceTree = "<group>"; };
/* End PBXFileReference section */

/* Begin PBXFrameworksBuildPhase section */
		697D4DC82559475400CAFA7F /* Frameworks */ = {
			isa = PBXFrameworksBuildPhase;
			buildActionMask = 2147483647;
			files = (
			);
			runOnlyForDeploymentPostprocessing = 0;
		};
/* End PBXFrameworksBuildPhase section */

/* Begin PBXGroup section */
		697D4DC22559475400CAFA7F = {
			isa = PBXGroup;
			children = (
				697D4DCD2559475400CAFA7F /* Bank App */,
				697D4DCC2559475400CAFA7F /* Products */,
			);
			sourceTree = "<group>";
		};
		697D4DCC2559475400CAFA7F /* Products */ = {
			isa = PBXGroup;
			children = (
				697D4DCB2559475400CAFA7F /* Bank App.app */,
			);
			name = Products;
			sourceTree = "<group>";
		};
		697D4DCD2559475400CAFA7F /* Bank App */ = {
			isa = PBXGroup;
			children = (
				697D4DCE2559475400CAFA7F /* AppDelegate.swift */,
				697D4DD72559475600CAFA7F /* Assets.xcassets */,
				691FF82E255AB40C00146EEF /* ExcelFormulas.swift */,
				697D4DDC2559475700CAFA7F /* Info.plist */,
				697D4DD92559475600CAFA7F /* LaunchScreen.storyboard */,
				697D4DD42559475400CAFA7F /* Main.storyboard */,
				697D4DD02559475400CAFA7F /* SceneDelegate.swift */,
				697D4DD22559475400CAFA7F /* ViewController.swift */,
				691FF832255AB68400146EEF /* Double+asCurrency.swift */,
			);
			path = "Bank App";
			sourceTree = "<group>";
		};
/* End PBXGroup section */

/* Begin PBXNativeTarget section */
		697D4DCA2559475400CAFA7F /* Bank App */ = {
			isa = PBXNativeTarget;
			buildConfigurationList = 697D4DDF2559475700CAFA7F /* Build configuration list for PBXNativeTarget "Bank App" */;
			buildPhases = (
				697D4DC72559475400CAFA7F /* Sources */,
				697D4DC82559475400CAFA7F /* Frameworks */,
				697D4DC92559475400CAFA7F /* Resources */,
			);
			buildRules = (
			);
			dependencies = (
			);
			name = "Bank App";
			productName = "Bank App";
			productReference = 697D4DCB2559475400CAFA7F /* Bank App.app */;
			productType = "com.apple.product-type.application";
		};
/* End PBXNativeTarget section */

/* Begin PBXProject section */
		697D4DC32559475400CAFA7F /* Project object */ = {
			isa = PBXProject;
			attributes = {
				LastSwiftUpdateCheck = 1210;
				LastUpgradeCheck = 1210;
				TargetAttributes = {
					697D4DCA2559475400CAFA7F = {
						CreatedOnToolsVersion = 12.1;
					};
				};
			};
			buildConfigurationList = 697D4DC62559475400CAFA7F /* Build configuration list for PBXProject "Bank App" */;
			compatibilityVersion = "Xcode 9.3";
			developmentRegion = en;
			hasScannedForEncodings = 0;
			knownRegions = (
				en,
				Base,
			);
			mainGroup = 697D4DC22559475400CAFA7F;
			productRefGroup = 697D4DCC2559475400CAFA7F /* Products */;
			projectDirPath = "";
			projectRoot = "";
			targets = (
				697D4DCA2559475400CAFA7F /* Bank App */,
			);
		};
/* End PBXProject section */

/* Begin PBXResourcesBuildPhase section */
		697D4DC92559475400CAFA7F /* Resources */ = {
			isa = PBXResourcesBuildPhase;
			buildActionMask = 2147483647;
			files = (
				697D4DDB2559475600CAFA7F /* LaunchScreen.storyboard in Resources */,
				697D4DD82559475600CAFA7F /* Assets.xcassets in Resources */,
				697D4DD62559475400CAFA7F /* Main.storyboard in Resources */,
			);
			runOnlyForDeploymentPostprocessing = 0;
		};
/* End PBXResourcesBuildPhase section */

/* Begin PBXSourcesBuildPhase section */
		697D4DC72559475400CAFA7F /* Sources */ = {
			isa = PBXSourcesBuildPhase;
			buildActionMask = 2147483647;
			files = (
				691FF82F255AB40C00146EEF /* ExcelFormulas.swift in Sources */,
				691FF833255AB68400146EEF /* Double+asCurrency.swift in Sources */,
				697D4DD32559475400CAFA7F /* ViewController.swift in Sources */,
				697D4DCF2559475400CAFA7F /* AppDelegate.swift in Sources */,
				697D4DD12559475400CAFA7F /* SceneDelegate.swift in Sources */,
			);
			runOnlyForDeploymentPostprocessing = 0;
		};
/* End PBXSourcesBuildPhase section */

/* Begin PBXVariantGroup section */
		697D4DD42559475400CAFA7F /* Main.storyboard */ = {
			isa = PBXVariantGroup;
			children = (
				697D4DD52559475400CAFA7F /* Base */,
			);
			name = Main.storyboard;
			sourceTree = "<group>";
		};
		697D4DD92559475600CAFA7F /* LaunchScreen.storyboard */ = {
			isa = PBXVariantGroup;
			children = (
				697D4DDA2559475600CAFA7F /* Base */,
			);
			name = LaunchScreen.storyboard;
			sourceTree = "<group>";
		};
/* End PBXVariantGroup section */

/* Begin XCBuildConfiguration section */
		697D4DDD2559475700CAFA7F /* Debug */ = {
			isa = XCBuildConfiguration;
			buildSettings = {
				ALWAYS_SEARCH_USER_PATHS = NO;
				CLANG_ANALYZER_NONNULL = YES;
				CLANG_ANALYZER_NUMBER_OBJECT_CONVERSION = YES_AGGRESSIVE;
				CLANG_CXX_LANGUAGE_STANDARD = "gnu++14";
				CLANG_CXX_LIBRARY = "libc++";
				CLANG_ENABLE_MODULES = YES;
				CLANG_ENABLE_OBJC_ARC = YES;
				CLANG_ENABLE_OBJC_WEAK = YES;
				CLANG_WARN_BLOCK_CAPTURE_AUTORELEASING = YES;
				CLANG_WARN_BOOL_CONVERSION = YES;
				CLANG_WARN_COMMA = YES;
				CLANG_WARN_CONSTANT_CONVERSION = YES;
				CLANG_WARN_DEPRECATED_OBJC_IMPLEMENTATIONS = YES;
				CLANG_WARN_DIRECT_OBJC_ISA_USAGE = YES_ERROR;
				CLANG_WARN_DOCUMENTATION_COMMENTS = YES;
				CLANG_WARN_EMPTY_BODY = YES;
				CLANG_WARN_ENUM_CONVERSION = YES;
				CLANG_WARN_INFINITE_RECURSION = YES;
				CLANG_WARN_INT_CONVERSION = YES;
				CLANG_WARN_NON_LITERAL_NULL_CONVERSION = YES;
				CLANG_WARN_OBJC_IMPLICIT_RETAIN_SELF = YES;
				CLANG_WARN_OBJC_LITERAL_CONVERSION = YES;
				CLANG_WARN_OBJC_ROOT_CLASS = YES_ERROR;
				CLANG_WARN_QUOTED_INCLUDE_IN_FRAMEWORK_HEADER = YES;
				CLANG_WARN_RANGE_LOOP_ANALYSIS = YES;
				CLANG_WARN_STRICT_PROTOTYPES = YES;
				CLANG_WARN_SUSPICIOUS_MOVE = YES;
				CLANG_WARN_UNGUARDED_AVAILABILITY = YES_AGGRESSIVE;
				CLANG_WARN_UNREACHABLE_CODE = YES;
				CLANG_WARN__DUPLICATE_METHOD_MATCH = YES;
				COPY_PHASE_STRIP = NO;
				DEBUG_INFORMATION_FORMAT = dwarf;
				ENABLE_STRICT_OBJC_MSGSEND = YES;
				ENABLE_TESTABILITY = YES;
				GCC_C_LANGUAGE_STANDARD = gnu11;
				GCC_DYNAMIC_NO_PIC = NO;
				GCC_NO_COMMON_BLOCKS = YES;
				GCC_OPTIMIZATION_LEVEL = 0;
				GCC_PREPROCESSOR_DEFINITIONS = (
					"DEBUG=1",
					"$(inherited)",
				);
				GCC_WARN_64_TO_32_BIT_CONVERSION = YES;
				GCC_WARN_ABOUT_RETURN_TYPE = YES_ERROR;
				GCC_WARN_UNDECLARED_SELECTOR = YES;
				GCC_WARN_UNINITIALIZED_AUTOS = YES_AGGRESSIVE;
				GCC_WARN_UNUSED_FUNCTION = YES;
				GCC_WARN_UNUSED_VARIABLE = YES;
				IPHONEOS_DEPLOYMENT_TARGET = 14.1;
				MTL_ENABLE_DEBUG_INFO = INCLUDE_SOURCE;
				MTL_FAST_MATH = YES;
				ONLY_ACTIVE_ARCH = YES;
				SDKROOT = iphoneos;
				SWIFT_ACTIVE_COMPILATION_CONDITIONS = DEBUG;
				SWIFT_OPTIMIZATION_LEVEL = "-Onone";
			};
			name = Debug;
		};
		697D4DDE2559475700CAFA7F /* Release */ = {
			isa = XCBuildConfiguration;
			buildSettings = {
				ALWAYS_SEARCH_USER_PATHS = NO;
				CLANG_ANALYZER_NONNULL = YES;
				CLANG_ANALYZER_NUMBER_OBJECT_CONVERSION = YES_AGGRESSIVE;
				CLANG_CXX_LANGUAGE_STANDARD = "gnu++14";
				CLANG_CXX_LIBRARY = "libc++";
				CLANG_ENABLE_MODULES = YES;
				CLANG_ENABLE_OBJC_ARC = YES;
				CLANG_ENABLE_OBJC_WEAK = YES;
				CLANG_WARN_BLOCK_CAPTURE_AUTORELEASING = YES;
				CLANG_WARN_BOOL_CONVERSION = YES;
				CLANG_WARN_COMMA = YES;
				CLANG_WARN_CONSTANT_CONVERSION = YES;
				CLANG_WARN_DEPRECATED_OBJC_IMPLEMENTATIONS = YES;
				CLANG_WARN_DIRECT_OBJC_ISA_USAGE = YES_ERROR;
				CLANG_WARN_DOCUMENTATION_COMMENTS = YES;
				CLANG_WARN_EMPTY_BODY = YES;
				CLANG_WARN_ENUM_CONVERSION = YES;
				CLANG_WARN_INFINITE_RECURSION = YES;
				CLANG_WARN_INT_CONVERSION = YES;
				CLANG_WARN_NON_LITERAL_NULL_CONVERSION = YES;
				CLANG_WARN_OBJC_IMPLICIT_RETAIN_SELF = YES;
				CLANG_WARN_OBJC_LITERAL_CONVERSION = YES;
				CLANG_WARN_OBJC_ROOT_CLASS = YES_ERROR;
				CLANG_WARN_QUOTED_INCLUDE_IN_FRAMEWORK_HEADER = YES;
				CLANG_WARN_RANGE_LOOP_ANALYSIS = YES;
				CLANG_WARN_STRICT_PROTOTYPES = YES;
				CLANG_WARN_SUSPICIOUS_MOVE = YES;
				CLANG_WARN_UNGUARDED_AVAILABILITY = YES_AGGRESSIVE;
				CLANG_WARN_UNREACHABLE_CODE = YES;
				CLANG_WARN__DUPLICATE_METHOD_MATCH = YES;
				COPY_PHASE_STRIP = NO;
				DEBUG_INFORMATION_FORMAT = "dwarf-with-dsym";
				ENABLE_NS_ASSERTIONS = NO;
				ENABLE_STRICT_OBJC_MSGSEND = YES;
				GCC_C_LANGUAGE_STANDARD = gnu11;
				GCC_NO_COMMON_BLOCKS = YES;
				GCC_WARN_64_TO_32_BIT_CONVERSION = YES;
				GCC_WARN_ABOUT_RETURN_TYPE = YES_ERROR;
				GCC_WARN_UNDECLARED_SELECTOR = YES;
				GCC_WARN_UNINITIALIZED_AUTOS = YES_AGGRESSIVE;
				GCC_WARN_UNUSED_FUNCTION = YES;
				GCC_WARN_UNUSED_VARIABLE = YES;
				IPHONEOS_DEPLOYMENT_TARGET = 14.1;
				MTL_ENABLE_DEBUG_INFO = NO;
				MTL_FAST_MATH = YES;
				SDKROOT = iphoneos;
				SWIFT_COMPILATION_MODE = wholemodule;
				SWIFT_OPTIMIZATION_LEVEL = "-O";
				VALIDATE_PRODUCT = YES;
			};
			name = Release;
		};
		697D4DE02559475700CAFA7F /* Debug */ = {
			isa = XCBuildConfiguration;
			buildSettings = {
				ASSETCATALOG_COMPILER_APPICON_NAME = AppIcon;
				ASSETCATALOG_COMPILER_GLOBAL_ACCENT_COLOR_NAME = AccentColor;
				CODE_SIGN_STYLE = Automatic;
				DEVELOPMENT_TEAM = 8J39KF9DMS;
				INFOPLIST_FILE = "Bank App/Info.plist";
				LD_RUNPATH_SEARCH_PATHS = (
					"$(inherited)",
					"@executable_path/Frameworks",
				);
				PRODUCT_BUNDLE_IDENTIFIER = "ru.m-d-a.Bank-App";
				PRODUCT_NAME = "$(TARGET_NAME)";
				SWIFT_VERSION = 5.0;
				TARGETED_DEVICE_FAMILY = "1,2";
			};
			name = Debug;
		};
		697D4DE12559475700CAFA7F /* Release */ = {
			isa = XCBuildConfiguration;
			buildSettings = {
				ASSETCATALOG_COMPILER_APPICON_NAME = AppIcon;
				ASSETCATALOG_COMPILER_GLOBAL_ACCENT_COLOR_NAME = AccentColor;
				CODE_SIGN_STYLE = Automatic;
				DEVELOPMENT_TEAM = 8J39KF9DMS;
				INFOPLIST_FILE = "Bank App/Info.plist";
				LD_RUNPATH_SEARCH_PATHS = (
					"$(inherited)",
					"@executable_path/Frameworks",
				);
				PRODUCT_BUNDLE_IDENTIFIER = "ru.m-d-a.Bank-App";
				PRODUCT_NAME = "$(TARGET_NAME)";
				SWIFT_VERSION = 5.0;
				TARGETED_DEVICE_FAMILY = "1,2";
			};
			name = Release;
		};
/* End XCBuildConfiguration section */

/* Begin XCConfigurationList section */
		697D4DC62559475400CAFA7F /* Build configuration list for PBXProject "Bank App" */ = {
			isa = XCConfigurationList;
			buildConfigurations = (
				697D4DDD2559475700CAFA7F /* Debug */,
				697D4DDE2559475700CAFA7F /* Release */,
			);
			defaultConfigurationIsVisible = 0;
			defaultConfigurationName = Release;
		};
		697D4DDF2559475700CAFA7F /* Build configuration list for PBXNativeTarget "Bank App" */ = {
			isa = XCConfigurationList;
			buildConfigurations = (
				697D4DE02559475700CAFA7F /* Debug */,
				697D4DE12559475700CAFA7F /* Release */,
			);
			defaultConfigurationIsVisible = 0;
			defaultConfigurationName = Release;
		};
/* End XCConfigurationList section */
	};
	rootObject = 697D4DC32559475400CAFA7F /* Project object */;
}
